
Microsoft Visual Studio Solution File, Format Version 12.00
Project("{FAE04EC0-301F-11D3-BF4B-00C04F79EFBC}") = "Sammlung", "Sammlung\Sammlung.csproj", "{624F9E1C-C8CF-42BC-BEF3-00DF98F3FE01}"
EndProject
Project("{FAE04EC0-301F-11D3-BF4B-00C04F79EFBC}") = "_Fixtures.Sammlung", "_Fixtures.Sammlung\_Fixtures.Sammlung.csproj", "{B7B0D407-7B0D-43E2-AAF9-7EFA342B423E}"
EndProject
Project("{2150E333-8FDC-42A3-9474-1A3956D46DE8}") = "RootItems", "RootItems", "{1E869BE4-673D-47B2-A2A1-FF3ACFC6A209}"
ProjectSection(SolutionItems) = preProject
	README.md = README.md
	GitVersion.yml = GitVersion.yml
	LICENSE = LICENSE
EndProjectSection
EndProject
Project("{2150E333-8FDC-42A3-9474-1A3956D46DE8}") = "GitHub", "GitHub", "{8A27F92A-9F69-43F7-ACA5-D702F1D84108}"
ProjectSection(SolutionItems) = preProject
	dotnet.yml = .github/workflows/dotnet.yml
EndProjectSection
EndProject
Project("{FAE04EC0-301F-11D3-BF4B-00C04F79EFBC}") = "_Benchmark.Sammlung", "_Benchmark.Sammlung\_Benchmark.Sammlung.csproj", "{B362AD2C-1685-4751-B49A-B216FFCDA7CA}"
EndProject
Project("{FAE04EC0-301F-11D3-BF4B-00C04F79EFBC}") = "Sammlung.Collections.CircularBuffers", "Sammlung.Collections.CircularBuffers\Sammlung.Collections.CircularBuffers.csproj", "{C3C6B4E9-CB76-4FE7-8668-E58BF76BC84D}"
EndProject
Project("{FAE04EC0-301F-11D3-BF4B-00C04F79EFBC}") = "Sammlung.Collections.Dictionaries", "Sammlung.Collections.Dictionaries\Sammlung.Collections.Dictionaries.csproj", "{D13C6882-47F4-49EA-A262-6B4E9294AB7E}"
EndProject
Project("{FAE04EC0-301F-11D3-BF4B-00C04F79EFBC}") = "Sammlung.Collections.Graphs", "Sammlung.Collections.Graphs\Sammlung.Collections.Graphs.csproj", "{9856C158-9824-4FFB-A219-642631187120}"
EndProject
Project("{FAE04EC0-301F-11D3-BF4B-00C04F79EFBC}") = "Sammlung.Collections.Heaps", "Sammlung.Collections.Heaps\Sammlung.Collections.Heaps.csproj", "{9C6F8B5B-A284-4C57-A91D-7358393BAAE3}"
EndProject
Project("{FAE04EC0-301F-11D3-BF4B-00C04F79EFBC}") = "Sammlung.Collections.Queues", "Sammlung.Collections.Queues\Sammlung.Collections.Queues.csproj", "{DF139BF9-C18B-4CB1-8971-039EDAAF1A9C}"
EndProject
Global
	GlobalSection(SolutionConfigurationPlatforms) = preSolution
		Debug|Any CPU = Debug|Any CPU
		Release|Any CPU = Release|Any CPU
	EndGlobalSection
	GlobalSection(ProjectConfigurationPlatforms) = postSolution
		{624F9E1C-C8CF-42BC-BEF3-00DF98F3FE01}.Debug|Any CPU.ActiveCfg = Debug|Any CPU
		{624F9E1C-C8CF-42BC-BEF3-00DF98F3FE01}.Debug|Any CPU.Build.0 = Debug|Any CPU
		{624F9E1C-C8CF-42BC-BEF3-00DF98F3FE01}.Release|Any CPU.ActiveCfg = Release|Any CPU
		{624F9E1C-C8CF-42BC-BEF3-00DF98F3FE01}.Release|Any CPU.Build.0 = Release|Any CPU
		{B7B0D407-7B0D-43E2-AAF9-7EFA342B423E}.Debug|Any CPU.ActiveCfg = Debug|Any CPU
		{B7B0D407-7B0D-43E2-AAF9-7EFA342B423E}.Debug|Any CPU.Build.0 = Debug|Any CPU
		{B7B0D407-7B0D-43E2-AAF9-7EFA342B423E}.Release|Any CPU.ActiveCfg = Release|Any CPU
		{B7B0D407-7B0D-43E2-AAF9-7EFA342B423E}.Release|Any CPU.Build.0 = Release|Any CPU
		{B362AD2C-1685-4751-B49A-B216FFCDA7CA}.Debug|Any CPU.ActiveCfg = Debug|Any CPU
		{B362AD2C-1685-4751-B49A-B216FFCDA7CA}.Debug|Any CPU.Build.0 = Debug|Any CPU
		{B362AD2C-1685-4751-B49A-B216FFCDA7CA}.Release|Any CPU.ActiveCfg = Release|Any CPU
		{B362AD2C-1685-4751-B49A-B216FFCDA7CA}.Release|Any CPU.Build.0 = Release|Any CPU
		{C3C6B4E9-CB76-4FE7-8668-E58BF76BC84D}.Debug|Any CPU.ActiveCfg = Debug|Any CPU
		{C3C6B4E9-CB76-4FE7-8668-E58BF76BC84D}.Debug|Any CPU.Build.0 = Debug|Any CPU
		{C3C6B4E9-CB76-4FE7-8668-E58BF76BC84D}.Release|Any CPU.ActiveCfg = Release|Any CPU
		{C3C6B4E9-CB76-4FE7-8668-E58BF76BC84D}.Release|Any CPU.Build.0 = Release|Any CPU
		{D13C6882-47F4-49EA-A262-6B4E9294AB7E}.Debug|Any CPU.ActiveCfg = Debug|Any CPU
		{D13C6882-47F4-49EA-A262-6B4E9294AB7E}.Debug|Any CPU.Build.0 = Debug|Any CPU
		{D13C6882-47F4-49EA-A262-6B4E9294AB7E}.Release|Any CPU.ActiveCfg = Release|Any CPU
		{D13C6882-47F4-49EA-A262-6B4E9294AB7E}.Release|Any CPU.Build.0 = Release|Any CPU
		{9856C158-9824-4FFB-A219-642631187120}.Debug|Any CPU.ActiveCfg = Debug|Any CPU
		{9856C158-9824-4FFB-A219-642631187120}.Debug|Any CPU.Build.0 = Debug|Any CPU
		{9856C158-9824-4FFB-A219-642631187120}.Release|Any CPU.ActiveCfg = Release|Any CPU
		{9856C158-9824-4FFB-A219-642631187120}.Release|Any CPU.Build.0 = Release|Any CPU
		{9C6F8B5B-A284-4C57-A91D-7358393BAAE3}.Debug|Any CPU.ActiveCfg = Debug|Any CPU
		{9C6F8B5B-A284-4C57-A91D-7358393BAAE3}.Debug|Any CPU.Build.0 = Debug|Any CPU
		{9C6F8B5B-A284-4C57-A91D-7358393BAAE3}.Release|Any CPU.ActiveCfg = Release|Any CPU
		{9C6F8B5B-A284-4C57-A91D-7358393BAAE3}.Release|Any CPU.Build.0 = Release|Any CPU
		{DF139BF9-C18B-4CB1-8971-039EDAAF1A9C}.Debug|Any CPU.ActiveCfg = Debug|Any CPU
		{DF139BF9-C18B-4CB1-8971-039EDAAF1A9C}.Debug|Any CPU.Build.0 = Debug|Any CPU
		{DF139BF9-C18B-4CB1-8971-039EDAAF1A9C}.Release|Any CPU.ActiveCfg = Release|Any CPU
		{DF139BF9-C18B-4CB1-8971-039EDAAF1A9C}.Release|Any CPU.Build.0 = Release|Any CPU
	EndGlobalSection
EndGlobal
