
Microsoft Visual Studio Solution File, Format Version 12.00
Project("{FAE04EC0-301F-11D3-BF4B-00C04F79EFBC}") = "Sammlungen", "Sammlungen\Sammlungen.csproj", "{FD0D11F9-273A-4B68-AEB4-D84A75561A64}"
EndProject
Project("{FAE04EC0-301F-11D3-BF4B-00C04F79EFBC}") = "_Fixtures.Sammlungen", "_Fixtures.Sammlungen\_Fixtures.Sammlungen.csproj", "{DE366F57-780C-4D63-8AF1-B809602B854C}"
EndProject
Global
	GlobalSection(SolutionConfigurationPlatforms) = preSolution
		Debug|Any CPU = Debug|Any CPU
		Release|Any CPU = Release|Any CPU
	EndGlobalSection
	GlobalSection(ProjectConfigurationPlatforms) = postSolution
		{FD0D11F9-273A-4B68-AEB4-D84A75561A64}.Debug|Any CPU.ActiveCfg = Debug|Any CPU
		{FD0D11F9-273A-4B68-AEB4-D84A75561A64}.Debug|Any CPU.Build.0 = Debug|Any CPU
		{FD0D11F9-273A-4B68-AEB4-D84A75561A64}.Release|Any CPU.ActiveCfg = Release|Any CPU
		{FD0D11F9-273A-4B68-AEB4-D84A75561A64}.Release|Any CPU.Build.0 = Release|Any CPU
		{DE366F57-780C-4D63-8AF1-B809602B854C}.Debug|Any CPU.ActiveCfg = Debug|Any CPU
		{DE366F57-780C-4D63-8AF1-B809602B854C}.Debug|Any CPU.Build.0 = Debug|Any CPU
		{DE366F57-780C-4D63-8AF1-B809602B854C}.Release|Any CPU.ActiveCfg = Release|Any CPU
		{DE366F57-780C-4D63-8AF1-B809602B854C}.Release|Any CPU.Build.0 = Release|Any CPU
	EndGlobalSection
EndGlobal
