
Microsoft Visual Studio Solution File, Format Version 12.00
Project("{FAE04EC0-301F-11D3-BF4B-00C04F79EFBC}") = "Sammlung", "Sammlung\Sammlung.csproj", "{624F9E1C-C8CF-42BC-BEF3-00DF98F3FE01}"
EndProject
Project("{FAE04EC0-301F-11D3-BF4B-00C04F79EFBC}") = "Fixtures.Sammlung.CommandLine", "Fixtures.Sammlung.CommandLine\Fixtures.Sammlung.CommandLine.csproj", "{B7B0D407-7B0D-43E2-AAF9-7EFA342B423E}"
EndProject
Project("{2150E333-8FDC-42A3-9474-1A3956D46DE8}") = "RootItems", "RootItems", "{1E869BE4-673D-47B2-A2A1-FF3ACFC6A209}"
ProjectSection(SolutionItems) = preProject
	README.md = README.md
	GitVersion.yml = GitVersion.yml
	LICENSE = LICENSE
EndProjectSection
EndProject
Project("{2150E333-8FDC-42A3-9474-1A3956D46DE8}") = "GitHub", "GitHub", "{8A27F92A-9F69-43F7-ACA5-D702F1D84108}"
ProjectSection(SolutionItems) = preProject
	dotnet.yml = .github/workflows/dotnet.yml
EndProjectSection
EndProject
Project("{FAE04EC0-301F-11D3-BF4B-00C04F79EFBC}") = "_Benchmark.Sammlung", "_Benchmark.Sammlung\_Benchmark.Sammlung.csproj", "{B362AD2C-1685-4751-B49A-B216FFCDA7CA}"
EndProject
Project("{FAE04EC0-301F-11D3-BF4B-00C04F79EFBC}") = "Sammlung.Collections.CircularBuffers", "Sammlung.Collections.CircularBuffers\Sammlung.Collections.CircularBuffers.csproj", "{C3C6B4E9-CB76-4FE7-8668-E58BF76BC84D}"
EndProject
Project("{FAE04EC0-301F-11D3-BF4B-00C04F79EFBC}") = "Sammlung.Collections.Dictionaries", "Sammlung.Collections.Dictionaries\Sammlung.Collections.Dictionaries.csproj", "{D13C6882-47F4-49EA-A262-6B4E9294AB7E}"
EndProject
Project("{FAE04EC0-301F-11D3-BF4B-00C04F79EFBC}") = "Sammlung.Collections.Heaps", "Sammlung.Collections.Heaps\Sammlung.Collections.Heaps.csproj", "{9C6F8B5B-A284-4C57-A91D-7358393BAAE3}"
EndProject
Project("{FAE04EC0-301F-11D3-BF4B-00C04F79EFBC}") = "Sammlung.Collections.Queues", "Sammlung.Collections.Queues\Sammlung.Collections.Queues.csproj", "{DF139BF9-C18B-4CB1-8971-039EDAAF1A9C}"
EndProject
Project("{FAE04EC0-301F-11D3-BF4B-00C04F79EFBC}") = "Sammlung.Werkzeug", "Sammlung.Werkzeug\Sammlung.Werkzeug.csproj", "{91D83774-31A3-4ED0-B133-0FF8223A6A12}"
EndProject
Project("{FAE04EC0-301F-11D3-BF4B-00C04F79EFBC}") = "Sammlung.Collections", "Sammlung.Collections\Sammlung.Collections.csproj", "{5EBE8AEE-0D10-4621-B490-301CC65EB952}"
EndProject
Project("{FAE04EC0-301F-11D3-BF4B-00C04F79EFBC}") = "Sammlung.Graphs", "Sammlung.Graphs\Sammlung.Graphs.csproj", "{776E48B7-947F-4C93-BED0-EFAAE2EBB502}"
EndProject
Project("{FAE04EC0-301F-11D3-BF4B-00C04F79EFBC}") = "Sammlung.Graphs.Algorithms", "Sammlung.Graphs.Algorithms\Sammlung.Graphs.Algorithms.csproj", "{31E9B7C9-2B92-4BAE-814D-AC09D23D8C02}"
EndProject
Project("{FAE04EC0-301F-11D3-BF4B-00C04F79EFBC}") = "Sammlung.Numerics", "Sammlung.Numerics\Sammlung.Numerics.csproj", "{72ADA215-F78B-446B-AE08-2AA557094789}"
EndProject
Project("{FAE04EC0-301F-11D3-BF4B-00C04F79EFBC}") = "Sammlung.Pipes", "Sammlung.Pipes\Sammlung.Pipes.csproj", "{48809900-8ABB-4EF4-A8D9-4D65ACFE0306}"
EndProject
Project("{FAE04EC0-301F-11D3-BF4B-00C04F79EFBC}") = "Sammlung.Pipes.Werkzeug", "Sammlung.Pipes.Werkzeug\Sammlung.Pipes.Werkzeug.csproj", "{162936FD-7155-4421-88F2-831FA170A854}"
EndProject
Project("{FAE04EC0-301F-11D3-BF4B-00C04F79EFBC}") = "Sammlung.CommandLine", "Sammlung.CommandLine\Sammlung.CommandLine.csproj", "{03EE54DE-73CF-4CE9-A64B-E52F432C324C}"
EndProject
Project("{2150E333-8FDC-42A3-9474-1A3956D46DE8}") = "Fixtures", "Fixtures", "{47493796-5056-46E3-9C0F-F8E08666BB52}"
EndProject
Project("{2150E333-8FDC-42A3-9474-1A3956D46DE8}") = "Benchmarks", "Benchmarks", "{A895D123-AB56-44D8-9206-B13C7ECB9583}"
EndProject
Project("{FAE04EC0-301F-11D3-BF4B-00C04F79EFBC}") = "Fixtures.Sammlung.Collections", "Fixtures.Sammlung.Collections\Fixtures.Sammlung.Collections.csproj", "{8CD0DF1F-4F6E-49F4-AD07-C1A888CA9219}"
EndProject
Project("{FAE04EC0-301F-11D3-BF4B-00C04F79EFBC}") = "Fixtures.Sammlung.Collections.CircularBuffers", "Fixtures.Sammlung.Collections.CircularBuffers\Fixtures.Sammlung.Collections.CircularBuffers.csproj", "{92880244-9A81-41F8-8789-47FDE7F92AC7}"
EndProject
Project("{FAE04EC0-301F-11D3-BF4B-00C04F79EFBC}") = "Fixtures.Sammlung.Collections.Dictionaries", "Fixtures.Sammlung.Collections.Dictionaries\Fixtures.Sammlung.Collections.Dictionaries.csproj", "{3E7AB442-A186-43D2-AB85-D09E2B5EE293}"
EndProject
Project("{FAE04EC0-301F-11D3-BF4B-00C04F79EFBC}") = "Fixtures.Sammlung.Collections.Heaps", "Fixtures.Sammlung.Collections.Heaps\Fixtures.Sammlung.Collections.Heaps.csproj", "{178BAF73-761C-4A8F-AD9A-66FDD8B2E11A}"
EndProject
Project("{FAE04EC0-301F-11D3-BF4B-00C04F79EFBC}") = "Fixtures.Sammlung.Collections.Queues", "Fixtures.Sammlung.Collections.Queues\Fixtures.Sammlung.Collections.Queues.csproj", "{B3F79B5D-66E9-4A98-8BF5-B4159A42BCA2}"
EndProject
Project("{FAE04EC0-301F-11D3-BF4B-00C04F79EFBC}") = "Fixtures.Sammlung.Graphs", "Fixtures.Sammlung.Graphs\Fixtures.Sammlung.Graphs.csproj", "{03253478-4D1E-48A4-8809-DBE570E42253}"
EndProject
Project("{FAE04EC0-301F-11D3-BF4B-00C04F79EFBC}") = "Fixtures.Sammlung.Graphs.Algorithms", "Fixtures.Sammlung.Graphs.Algorithms\Fixtures.Sammlung.Graphs.Algorithms.csproj", "{2DFEADEC-7BDC-4C4B-95C7-A42C8483C52C}"
EndProject
Project("{FAE04EC0-301F-11D3-BF4B-00C04F79EFBC}") = "Fixtures.Sammlung.Numerics", "Fixtures.Sammlung.Numerics\Fixtures.Sammlung.Numerics.csproj", "{0A62691D-2939-4717-AE25-163FB1F36688}"
EndProject
Project("{FAE04EC0-301F-11D3-BF4B-00C04F79EFBC}") = "Fixtures.Sammlung.Werkzeug", "Fixtures.Sammlung.Werkzeug\Fixtures.Sammlung.Werkzeug.csproj", "{12B06100-EA6E-46CA-A99C-68249FD74F60}"
EndProject
Project("{FAE04EC0-301F-11D3-BF4B-00C04F79EFBC}") = "Fixtures.Sammlung.Pipes", "Fixtures.Sammlung.Pipes\Fixtures.Sammlung.Pipes.csproj", "{B843A9C1-23A6-4E4E-A2EA-5BAD874961C4}"
EndProject
Project("{FAE04EC0-301F-11D3-BF4B-00C04F79EFBC}") = "Fixtures.Sammlung.Pipes.Werkzeug", "Fixtures.Sammlung.Pipes.Werkzeug\Fixtures.Sammlung.Pipes.Werkzeug.csproj", "{7DA866C7-D940-4054-923B-7183664F98E0}"
EndProject
Project("{FAE04EC0-301F-11D3-BF4B-00C04F79EFBC}") = "Fixtures.Common", "Fixtures.Common\Fixtures.Common.csproj", "{D957F693-20DF-4FC1-8BA0-A2CC3ADEC89C}"
EndProject
Project("{FAE04EC0-301F-11D3-BF4B-00C04F79EFBC}") = "Sammlung.CommandLine.SourceGenerator", "Sammlung.CommandLine.SourceGenerator\Sammlung.CommandLine.SourceGenerator.csproj", "{8A62437C-0AF1-4E83-A183-09C22F4D04E8}"
EndProject
Project("{FAE04EC0-301F-11D3-BF4B-00C04F79EFBC}") = "Sammlung.CommandLine.Attributes", "Sammlung.CommandLine.Attributes\Sammlung.CommandLine.Attributes.csproj", "{67320990-389F-4A18-B3D2-B8171284BEB7}"
EndProject
Project("{FAE04EC0-301F-11D3-BF4B-00C04F79EFBC}") = "Fixtures.Sammlung.CommandLine.SourceGenerator", "Fixtures.Sammlung.CommandLine.SourceGenerator\Fixtures.Sammlung.CommandLine.SourceGenerator.csproj", "{6E2A2FD7-CF2C-4828-AC43-018D0DEF52D1}"
EndProject
Project("{2150E333-8FDC-42A3-9474-1A3956D46DE8}") = "Debuggable", "Debuggable", "{2AD390F3-5D67-4388-8517-D661C9CF2078}"
EndProject
Project("{FAE04EC0-301F-11D3-BF4B-00C04F79EFBC}") = "Debuggable.Sammlung.CommandLine.SourceGenerator", "Debuggable.Sammlung.CommandLine.SourceGenerator\Debuggable.Sammlung.CommandLine.SourceGenerator.csproj", "{A7EC9634-8F42-4098-8D7D-8AEADD68F89C}"
EndProject
Global
	GlobalSection(SolutionConfigurationPlatforms) = preSolution
		Debug|Any CPU = Debug|Any CPU
		Release|Any CPU = Release|Any CPU
	EndGlobalSection
	GlobalSection(ProjectConfigurationPlatforms) = postSolution
		{624F9E1C-C8CF-42BC-BEF3-00DF98F3FE01}.Debug|Any CPU.ActiveCfg = Debug|Any CPU
		{624F9E1C-C8CF-42BC-BEF3-00DF98F3FE01}.Debug|Any CPU.Build.0 = Debug|Any CPU
		{624F9E1C-C8CF-42BC-BEF3-00DF98F3FE01}.Release|Any CPU.ActiveCfg = Release|Any CPU
		{624F9E1C-C8CF-42BC-BEF3-00DF98F3FE01}.Release|Any CPU.Build.0 = Release|Any CPU
		{B7B0D407-7B0D-43E2-AAF9-7EFA342B423E}.Debug|Any CPU.ActiveCfg = Debug|Any CPU
		{B7B0D407-7B0D-43E2-AAF9-7EFA342B423E}.Debug|Any CPU.Build.0 = Debug|Any CPU
		{B7B0D407-7B0D-43E2-AAF9-7EFA342B423E}.Release|Any CPU.ActiveCfg = Release|Any CPU
		{B7B0D407-7B0D-43E2-AAF9-7EFA342B423E}.Release|Any CPU.Build.0 = Release|Any CPU
		{B362AD2C-1685-4751-B49A-B216FFCDA7CA}.Debug|Any CPU.ActiveCfg = Debug|Any CPU
		{B362AD2C-1685-4751-B49A-B216FFCDA7CA}.Debug|Any CPU.Build.0 = Debug|Any CPU
		{B362AD2C-1685-4751-B49A-B216FFCDA7CA}.Release|Any CPU.ActiveCfg = Release|Any CPU
		{B362AD2C-1685-4751-B49A-B216FFCDA7CA}.Release|Any CPU.Build.0 = Release|Any CPU
		{C3C6B4E9-CB76-4FE7-8668-E58BF76BC84D}.Debug|Any CPU.ActiveCfg = Debug|Any CPU
		{C3C6B4E9-CB76-4FE7-8668-E58BF76BC84D}.Debug|Any CPU.Build.0 = Debug|Any CPU
		{C3C6B4E9-CB76-4FE7-8668-E58BF76BC84D}.Release|Any CPU.ActiveCfg = Release|Any CPU
		{C3C6B4E9-CB76-4FE7-8668-E58BF76BC84D}.Release|Any CPU.Build.0 = Release|Any CPU
		{D13C6882-47F4-49EA-A262-6B4E9294AB7E}.Debug|Any CPU.ActiveCfg = Debug|Any CPU
		{D13C6882-47F4-49EA-A262-6B4E9294AB7E}.Debug|Any CPU.Build.0 = Debug|Any CPU
		{D13C6882-47F4-49EA-A262-6B4E9294AB7E}.Release|Any CPU.ActiveCfg = Release|Any CPU
		{D13C6882-47F4-49EA-A262-6B4E9294AB7E}.Release|Any CPU.Build.0 = Release|Any CPU
		{9C6F8B5B-A284-4C57-A91D-7358393BAAE3}.Debug|Any CPU.ActiveCfg = Debug|Any CPU
		{9C6F8B5B-A284-4C57-A91D-7358393BAAE3}.Debug|Any CPU.Build.0 = Debug|Any CPU
		{9C6F8B5B-A284-4C57-A91D-7358393BAAE3}.Release|Any CPU.ActiveCfg = Release|Any CPU
		{9C6F8B5B-A284-4C57-A91D-7358393BAAE3}.Release|Any CPU.Build.0 = Release|Any CPU
		{DF139BF9-C18B-4CB1-8971-039EDAAF1A9C}.Debug|Any CPU.ActiveCfg = Debug|Any CPU
		{DF139BF9-C18B-4CB1-8971-039EDAAF1A9C}.Debug|Any CPU.Build.0 = Debug|Any CPU
		{DF139BF9-C18B-4CB1-8971-039EDAAF1A9C}.Release|Any CPU.ActiveCfg = Release|Any CPU
		{DF139BF9-C18B-4CB1-8971-039EDAAF1A9C}.Release|Any CPU.Build.0 = Release|Any CPU
		{91D83774-31A3-4ED0-B133-0FF8223A6A12}.Debug|Any CPU.ActiveCfg = Debug|Any CPU
		{91D83774-31A3-4ED0-B133-0FF8223A6A12}.Debug|Any CPU.Build.0 = Debug|Any CPU
		{91D83774-31A3-4ED0-B133-0FF8223A6A12}.Release|Any CPU.ActiveCfg = Release|Any CPU
		{91D83774-31A3-4ED0-B133-0FF8223A6A12}.Release|Any CPU.Build.0 = Release|Any CPU
		{5EBE8AEE-0D10-4621-B490-301CC65EB952}.Debug|Any CPU.ActiveCfg = Debug|Any CPU
		{5EBE8AEE-0D10-4621-B490-301CC65EB952}.Debug|Any CPU.Build.0 = Debug|Any CPU
		{5EBE8AEE-0D10-4621-B490-301CC65EB952}.Release|Any CPU.ActiveCfg = Release|Any CPU
		{5EBE8AEE-0D10-4621-B490-301CC65EB952}.Release|Any CPU.Build.0 = Release|Any CPU
		{776E48B7-947F-4C93-BED0-EFAAE2EBB502}.Debug|Any CPU.ActiveCfg = Debug|Any CPU
		{776E48B7-947F-4C93-BED0-EFAAE2EBB502}.Debug|Any CPU.Build.0 = Debug|Any CPU
		{776E48B7-947F-4C93-BED0-EFAAE2EBB502}.Release|Any CPU.ActiveCfg = Release|Any CPU
		{776E48B7-947F-4C93-BED0-EFAAE2EBB502}.Release|Any CPU.Build.0 = Release|Any CPU
		{31E9B7C9-2B92-4BAE-814D-AC09D23D8C02}.Debug|Any CPU.ActiveCfg = Debug|Any CPU
		{31E9B7C9-2B92-4BAE-814D-AC09D23D8C02}.Debug|Any CPU.Build.0 = Debug|Any CPU
		{31E9B7C9-2B92-4BAE-814D-AC09D23D8C02}.Release|Any CPU.ActiveCfg = Release|Any CPU
		{31E9B7C9-2B92-4BAE-814D-AC09D23D8C02}.Release|Any CPU.Build.0 = Release|Any CPU
		{72ADA215-F78B-446B-AE08-2AA557094789}.Debug|Any CPU.ActiveCfg = Debug|Any CPU
		{72ADA215-F78B-446B-AE08-2AA557094789}.Debug|Any CPU.Build.0 = Debug|Any CPU
		{72ADA215-F78B-446B-AE08-2AA557094789}.Release|Any CPU.ActiveCfg = Release|Any CPU
		{72ADA215-F78B-446B-AE08-2AA557094789}.Release|Any CPU.Build.0 = Release|Any CPU
		{48809900-8ABB-4EF4-A8D9-4D65ACFE0306}.Debug|Any CPU.ActiveCfg = Debug|Any CPU
		{48809900-8ABB-4EF4-A8D9-4D65ACFE0306}.Debug|Any CPU.Build.0 = Debug|Any CPU
		{48809900-8ABB-4EF4-A8D9-4D65ACFE0306}.Release|Any CPU.ActiveCfg = Release|Any CPU
		{48809900-8ABB-4EF4-A8D9-4D65ACFE0306}.Release|Any CPU.Build.0 = Release|Any CPU
		{162936FD-7155-4421-88F2-831FA170A854}.Debug|Any CPU.ActiveCfg = Debug|Any CPU
		{162936FD-7155-4421-88F2-831FA170A854}.Debug|Any CPU.Build.0 = Debug|Any CPU
		{162936FD-7155-4421-88F2-831FA170A854}.Release|Any CPU.ActiveCfg = Release|Any CPU
		{162936FD-7155-4421-88F2-831FA170A854}.Release|Any CPU.Build.0 = Release|Any CPU
		{03EE54DE-73CF-4CE9-A64B-E52F432C324C}.Debug|Any CPU.ActiveCfg = Debug|Any CPU
		{03EE54DE-73CF-4CE9-A64B-E52F432C324C}.Debug|Any CPU.Build.0 = Debug|Any CPU
		{03EE54DE-73CF-4CE9-A64B-E52F432C324C}.Release|Any CPU.ActiveCfg = Release|Any CPU
		{03EE54DE-73CF-4CE9-A64B-E52F432C324C}.Release|Any CPU.Build.0 = Release|Any CPU
		{8CD0DF1F-4F6E-49F4-AD07-C1A888CA9219}.Debug|Any CPU.ActiveCfg = Debug|Any CPU
		{8CD0DF1F-4F6E-49F4-AD07-C1A888CA9219}.Debug|Any CPU.Build.0 = Debug|Any CPU
		{8CD0DF1F-4F6E-49F4-AD07-C1A888CA9219}.Release|Any CPU.ActiveCfg = Release|Any CPU
		{8CD0DF1F-4F6E-49F4-AD07-C1A888CA9219}.Release|Any CPU.Build.0 = Release|Any CPU
		{92880244-9A81-41F8-8789-47FDE7F92AC7}.Debug|Any CPU.ActiveCfg = Debug|Any CPU
		{92880244-9A81-41F8-8789-47FDE7F92AC7}.Debug|Any CPU.Build.0 = Debug|Any CPU
		{92880244-9A81-41F8-8789-47FDE7F92AC7}.Release|Any CPU.ActiveCfg = Release|Any CPU
		{92880244-9A81-41F8-8789-47FDE7F92AC7}.Release|Any CPU.Build.0 = Release|Any CPU
		{3E7AB442-A186-43D2-AB85-D09E2B5EE293}.Debug|Any CPU.ActiveCfg = Debug|Any CPU
		{3E7AB442-A186-43D2-AB85-D09E2B5EE293}.Debug|Any CPU.Build.0 = Debug|Any CPU
		{3E7AB442-A186-43D2-AB85-D09E2B5EE293}.Release|Any CPU.ActiveCfg = Release|Any CPU
		{3E7AB442-A186-43D2-AB85-D09E2B5EE293}.Release|Any CPU.Build.0 = Release|Any CPU
		{178BAF73-761C-4A8F-AD9A-66FDD8B2E11A}.Debug|Any CPU.ActiveCfg = Debug|Any CPU
		{178BAF73-761C-4A8F-AD9A-66FDD8B2E11A}.Debug|Any CPU.Build.0 = Debug|Any CPU
		{178BAF73-761C-4A8F-AD9A-66FDD8B2E11A}.Release|Any CPU.ActiveCfg = Release|Any CPU
		{178BAF73-761C-4A8F-AD9A-66FDD8B2E11A}.Release|Any CPU.Build.0 = Release|Any CPU
		{B3F79B5D-66E9-4A98-8BF5-B4159A42BCA2}.Debug|Any CPU.ActiveCfg = Debug|Any CPU
		{B3F79B5D-66E9-4A98-8BF5-B4159A42BCA2}.Debug|Any CPU.Build.0 = Debug|Any CPU
		{B3F79B5D-66E9-4A98-8BF5-B4159A42BCA2}.Release|Any CPU.ActiveCfg = Release|Any CPU
		{B3F79B5D-66E9-4A98-8BF5-B4159A42BCA2}.Release|Any CPU.Build.0 = Release|Any CPU
		{03253478-4D1E-48A4-8809-DBE570E42253}.Debug|Any CPU.ActiveCfg = Debug|Any CPU
		{03253478-4D1E-48A4-8809-DBE570E42253}.Debug|Any CPU.Build.0 = Debug|Any CPU
		{03253478-4D1E-48A4-8809-DBE570E42253}.Release|Any CPU.ActiveCfg = Release|Any CPU
		{03253478-4D1E-48A4-8809-DBE570E42253}.Release|Any CPU.Build.0 = Release|Any CPU
		{2DFEADEC-7BDC-4C4B-95C7-A42C8483C52C}.Debug|Any CPU.ActiveCfg = Debug|Any CPU
		{2DFEADEC-7BDC-4C4B-95C7-A42C8483C52C}.Debug|Any CPU.Build.0 = Debug|Any CPU
		{2DFEADEC-7BDC-4C4B-95C7-A42C8483C52C}.Release|Any CPU.ActiveCfg = Release|Any CPU
		{2DFEADEC-7BDC-4C4B-95C7-A42C8483C52C}.Release|Any CPU.Build.0 = Release|Any CPU
		{0A62691D-2939-4717-AE25-163FB1F36688}.Debug|Any CPU.ActiveCfg = Debug|Any CPU
		{0A62691D-2939-4717-AE25-163FB1F36688}.Debug|Any CPU.Build.0 = Debug|Any CPU
		{0A62691D-2939-4717-AE25-163FB1F36688}.Release|Any CPU.ActiveCfg = Release|Any CPU
		{0A62691D-2939-4717-AE25-163FB1F36688}.Release|Any CPU.Build.0 = Release|Any CPU
		{12B06100-EA6E-46CA-A99C-68249FD74F60}.Debug|Any CPU.ActiveCfg = Debug|Any CPU
		{12B06100-EA6E-46CA-A99C-68249FD74F60}.Debug|Any CPU.Build.0 = Debug|Any CPU
		{12B06100-EA6E-46CA-A99C-68249FD74F60}.Release|Any CPU.ActiveCfg = Release|Any CPU
		{12B06100-EA6E-46CA-A99C-68249FD74F60}.Release|Any CPU.Build.0 = Release|Any CPU
		{B843A9C1-23A6-4E4E-A2EA-5BAD874961C4}.Debug|Any CPU.ActiveCfg = Debug|Any CPU
		{B843A9C1-23A6-4E4E-A2EA-5BAD874961C4}.Debug|Any CPU.Build.0 = Debug|Any CPU
		{B843A9C1-23A6-4E4E-A2EA-5BAD874961C4}.Release|Any CPU.ActiveCfg = Release|Any CPU
		{B843A9C1-23A6-4E4E-A2EA-5BAD874961C4}.Release|Any CPU.Build.0 = Release|Any CPU
		{7DA866C7-D940-4054-923B-7183664F98E0}.Debug|Any CPU.ActiveCfg = Debug|Any CPU
		{7DA866C7-D940-4054-923B-7183664F98E0}.Debug|Any CPU.Build.0 = Debug|Any CPU
		{7DA866C7-D940-4054-923B-7183664F98E0}.Release|Any CPU.ActiveCfg = Release|Any CPU
		{7DA866C7-D940-4054-923B-7183664F98E0}.Release|Any CPU.Build.0 = Release|Any CPU
		{D957F693-20DF-4FC1-8BA0-A2CC3ADEC89C}.Debug|Any CPU.ActiveCfg = Debug|Any CPU
		{D957F693-20DF-4FC1-8BA0-A2CC3ADEC89C}.Debug|Any CPU.Build.0 = Debug|Any CPU
		{D957F693-20DF-4FC1-8BA0-A2CC3ADEC89C}.Release|Any CPU.ActiveCfg = Release|Any CPU
		{D957F693-20DF-4FC1-8BA0-A2CC3ADEC89C}.Release|Any CPU.Build.0 = Release|Any CPU
		{8A62437C-0AF1-4E83-A183-09C22F4D04E8}.Debug|Any CPU.ActiveCfg = Debug|Any CPU
		{8A62437C-0AF1-4E83-A183-09C22F4D04E8}.Debug|Any CPU.Build.0 = Debug|Any CPU
		{8A62437C-0AF1-4E83-A183-09C22F4D04E8}.Release|Any CPU.ActiveCfg = Release|Any CPU
		{8A62437C-0AF1-4E83-A183-09C22F4D04E8}.Release|Any CPU.Build.0 = Release|Any CPU
		{67320990-389F-4A18-B3D2-B8171284BEB7}.Debug|Any CPU.ActiveCfg = Debug|Any CPU
		{67320990-389F-4A18-B3D2-B8171284BEB7}.Debug|Any CPU.Build.0 = Debug|Any CPU
		{67320990-389F-4A18-B3D2-B8171284BEB7}.Release|Any CPU.ActiveCfg = Release|Any CPU
		{67320990-389F-4A18-B3D2-B8171284BEB7}.Release|Any CPU.Build.0 = Release|Any CPU
		{6E2A2FD7-CF2C-4828-AC43-018D0DEF52D1}.Debug|Any CPU.ActiveCfg = Debug|Any CPU
		{6E2A2FD7-CF2C-4828-AC43-018D0DEF52D1}.Debug|Any CPU.Build.0 = Debug|Any CPU
		{6E2A2FD7-CF2C-4828-AC43-018D0DEF52D1}.Release|Any CPU.ActiveCfg = Release|Any CPU
		{6E2A2FD7-CF2C-4828-AC43-018D0DEF52D1}.Release|Any CPU.Build.0 = Release|Any CPU
		{A7EC9634-8F42-4098-8D7D-8AEADD68F89C}.Debug|Any CPU.ActiveCfg = Debug|Any CPU
		{A7EC9634-8F42-4098-8D7D-8AEADD68F89C}.Debug|Any CPU.Build.0 = Debug|Any CPU
		{A7EC9634-8F42-4098-8D7D-8AEADD68F89C}.Release|Any CPU.ActiveCfg = Release|Any CPU
		{A7EC9634-8F42-4098-8D7D-8AEADD68F89C}.Release|Any CPU.Build.0 = Release|Any CPU
	EndGlobalSection
	GlobalSection(NestedProjects) = preSolution
		{B362AD2C-1685-4751-B49A-B216FFCDA7CA} = {A895D123-AB56-44D8-9206-B13C7ECB9583}
		{B7B0D407-7B0D-43E2-AAF9-7EFA342B423E} = {47493796-5056-46E3-9C0F-F8E08666BB52}
		{8CD0DF1F-4F6E-49F4-AD07-C1A888CA9219} = {47493796-5056-46E3-9C0F-F8E08666BB52}
		{92880244-9A81-41F8-8789-47FDE7F92AC7} = {47493796-5056-46E3-9C0F-F8E08666BB52}
		{3E7AB442-A186-43D2-AB85-D09E2B5EE293} = {47493796-5056-46E3-9C0F-F8E08666BB52}
		{178BAF73-761C-4A8F-AD9A-66FDD8B2E11A} = {47493796-5056-46E3-9C0F-F8E08666BB52}
		{B3F79B5D-66E9-4A98-8BF5-B4159A42BCA2} = {47493796-5056-46E3-9C0F-F8E08666BB52}
		{03253478-4D1E-48A4-8809-DBE570E42253} = {47493796-5056-46E3-9C0F-F8E08666BB52}
		{2DFEADEC-7BDC-4C4B-95C7-A42C8483C52C} = {47493796-5056-46E3-9C0F-F8E08666BB52}
		{0A62691D-2939-4717-AE25-163FB1F36688} = {47493796-5056-46E3-9C0F-F8E08666BB52}
		{12B06100-EA6E-46CA-A99C-68249FD74F60} = {47493796-5056-46E3-9C0F-F8E08666BB52}
		{B843A9C1-23A6-4E4E-A2EA-5BAD874961C4} = {47493796-5056-46E3-9C0F-F8E08666BB52}
		{7DA866C7-D940-4054-923B-7183664F98E0} = {47493796-5056-46E3-9C0F-F8E08666BB52}
		{D957F693-20DF-4FC1-8BA0-A2CC3ADEC89C} = {47493796-5056-46E3-9C0F-F8E08666BB52}
		{6E2A2FD7-CF2C-4828-AC43-018D0DEF52D1} = {47493796-5056-46E3-9C0F-F8E08666BB52}
		{A7EC9634-8F42-4098-8D7D-8AEADD68F89C} = {2AD390F3-5D67-4388-8517-D661C9CF2078}
	EndGlobalSection
EndGlobal
