
Microsoft Visual Studio Solution File, Format Version 12.00
Project("{FAE04EC0-301F-11D3-BF4B-00C04F79EFBC}") = "Sammlung", "Sammlung\Sammlung.csproj", "{624F9E1C-C8CF-42BC-BEF3-00DF98F3FE01}"
EndProject
Project("{FAE04EC0-301F-11D3-BF4B-00C04F79EFBC}") = "_Fixtures.Sammlung", "_Fixtures.Sammlung\_Fixtures.Sammlung.csproj", "{B7B0D407-7B0D-43E2-AAF9-7EFA342B423E}"
EndProject
Project("{2150E333-8FDC-42A3-9474-1A3956D46DE8}") = "RootItems", "RootItems", "{1E869BE4-673D-47B2-A2A1-FF3ACFC6A209}"
ProjectSection(SolutionItems) = preProject
	README.md = README.md
	GitVersion.yml = GitVersion.yml
	LICENSE = LICENSE
EndProjectSection
EndProject
Project("{2150E333-8FDC-42A3-9474-1A3956D46DE8}") = "GitHub", "GitHub", "{8A27F92A-9F69-43F7-ACA5-D702F1D84108}"
ProjectSection(SolutionItems) = preProject
	dotnet.yml = .github/workflows/dotnet.yml
EndProjectSection
EndProject
Global
	GlobalSection(SolutionConfigurationPlatforms) = preSolution
		Debug|Any CPU = Debug|Any CPU
		Release|Any CPU = Release|Any CPU
	EndGlobalSection
	GlobalSection(ProjectConfigurationPlatforms) = postSolution
		{624F9E1C-C8CF-42BC-BEF3-00DF98F3FE01}.Debug|Any CPU.ActiveCfg = Debug|Any CPU
		{624F9E1C-C8CF-42BC-BEF3-00DF98F3FE01}.Debug|Any CPU.Build.0 = Debug|Any CPU
		{624F9E1C-C8CF-42BC-BEF3-00DF98F3FE01}.Release|Any CPU.ActiveCfg = Release|Any CPU
		{624F9E1C-C8CF-42BC-BEF3-00DF98F3FE01}.Release|Any CPU.Build.0 = Release|Any CPU
		{B7B0D407-7B0D-43E2-AAF9-7EFA342B423E}.Debug|Any CPU.ActiveCfg = Debug|Any CPU
		{B7B0D407-7B0D-43E2-AAF9-7EFA342B423E}.Debug|Any CPU.Build.0 = Debug|Any CPU
		{B7B0D407-7B0D-43E2-AAF9-7EFA342B423E}.Release|Any CPU.ActiveCfg = Release|Any CPU
		{B7B0D407-7B0D-43E2-AAF9-7EFA342B423E}.Release|Any CPU.Build.0 = Release|Any CPU
	EndGlobalSection
EndGlobal
